
Microsoft Visual Studio Solution File, Format Version 12.00
# Visual Studio Version 18
VisualStudioVersion = 18.0.11018.127 d18.0
MinimumVisualStudioVersion = 10.0.40219.1
Project("{FAE04EC0-301F-11D3-BF4B-00C04F79EFBC}") = "RueI", "RueI\RueI.csproj", "{773953E5-346E-4A11-8718-FA6D6C0D0BE0}"
EndProject
Global
	GlobalSection(SolutionConfigurationPlatforms) = preSolution
		Debug|Any CPU = Debug|Any CPU
		Release|Any CPU = Release|Any CPU
	EndGlobalSection
	GlobalSection(ProjectConfigurationPlatforms) = postSolution
		{773953E5-346E-4A11-8718-FA6D6C0D0BE0}.Debug|Any CPU.ActiveCfg = Debug|Any CPU
		{773953E5-346E-4A11-8718-FA6D6C0D0BE0}.Debug|Any CPU.Build.0 = Debug|Any CPU
		{773953E5-346E-4A11-8718-FA6D6C0D0BE0}.Release|Any CPU.ActiveCfg = Release|Any CPU
		{773953E5-346E-4A11-8718-FA6D6C0D0BE0}.Release|Any CPU.Build.0 = Release|Any CPU
	EndGlobalSection
	GlobalSection(SolutionProperties) = preSolution
		HideSolutionNode = FALSE
	EndGlobalSection
	GlobalSection(ExtensibilityGlobals) = postSolution
		SolutionGuid = {2168BF11-8472-4A00-807E-B833CD2A9F99}
	EndGlobalSection
EndGlobal
